
Microsoft Visual Studio Solution File, Format Version 12.00
# Visual Studio Version 16
VisualStudioVersion = 16.0.31729.503
MinimumVisualStudioVersion = 10.0.40219.1
Project("{FAE04EC0-301F-11D3-BF4B-00C04F79EFBC}") = "showonlynumbers", "showonlynumbers\showonlynumbers.csproj", "{6E2A069D-87DE-4F78-9B28-51235D381EF7}"
EndProject
Project("{FAE04EC0-301F-11D3-BF4B-00C04F79EFBC}") = "cijferLetter", "cijferLetter\cijferLetter.csproj", "{37C7409A-E21D-4AC2-859F-FE585B358874}"
EndProject
Project("{FAE04EC0-301F-11D3-BF4B-00C04F79EFBC}") = "oef-passwordChar", "oef-passwordCharµ\oef-passwordChar.csproj", "{6155B9A4-126C-48CE-AB8B-92FFC7FB433C}"
EndProject
Global
	GlobalSection(SolutionConfigurationPlatforms) = preSolution
		Debug|Any CPU = Debug|Any CPU
		Release|Any CPU = Release|Any CPU
	EndGlobalSection
	GlobalSection(ProjectConfigurationPlatforms) = postSolution
		{6E2A069D-87DE-4F78-9B28-51235D381EF7}.Debug|Any CPU.ActiveCfg = Debug|Any CPU
		{6E2A069D-87DE-4F78-9B28-51235D381EF7}.Debug|Any CPU.Build.0 = Debug|Any CPU
		{6E2A069D-87DE-4F78-9B28-51235D381EF7}.Release|Any CPU.ActiveCfg = Release|Any CPU
		{6E2A069D-87DE-4F78-9B28-51235D381EF7}.Release|Any CPU.Build.0 = Release|Any CPU
		{37C7409A-E21D-4AC2-859F-FE585B358874}.Debug|Any CPU.ActiveCfg = Debug|Any CPU
		{37C7409A-E21D-4AC2-859F-FE585B358874}.Debug|Any CPU.Build.0 = Debug|Any CPU
		{37C7409A-E21D-4AC2-859F-FE585B358874}.Release|Any CPU.ActiveCfg = Release|Any CPU
		{37C7409A-E21D-4AC2-859F-FE585B358874}.Release|Any CPU.Build.0 = Release|Any CPU
		{6155B9A4-126C-48CE-AB8B-92FFC7FB433C}.Debug|Any CPU.ActiveCfg = Debug|Any CPU
		{6155B9A4-126C-48CE-AB8B-92FFC7FB433C}.Debug|Any CPU.Build.0 = Debug|Any CPU
		{6155B9A4-126C-48CE-AB8B-92FFC7FB433C}.Release|Any CPU.ActiveCfg = Release|Any CPU
		{6155B9A4-126C-48CE-AB8B-92FFC7FB433C}.Release|Any CPU.Build.0 = Release|Any CPU
	EndGlobalSection
	GlobalSection(SolutionProperties) = preSolution
		HideSolutionNode = FALSE
	EndGlobalSection
	GlobalSection(ExtensibilityGlobals) = postSolution
		SolutionGuid = {ACAB4216-6545-4F12-BCB3-984ED479A424}
	EndGlobalSection
EndGlobal
